
Microsoft Visual Studio Solution File, Format Version 12.00
# Visual Studio Version 17
VisualStudioVersion = 17.14.36414.22 d17.14
MinimumVisualStudioVersion = 10.0.40219.1
Project("{FAE04EC0-301F-11D3-BF4B-00C04F79EFBC}") = "Billing.Worker", "Billing.Worker.csproj", "{441C2F29-0855-CEC0-D29D-906E8850400E}"
EndProject
Global
	GlobalSection(SolutionConfigurationPlatforms) = preSolution
		Debug|Any CPU = Debug|Any CPU
		Release|Any CPU = Release|Any CPU
	EndGlobalSection
	GlobalSection(ProjectConfigurationPlatforms) = postSolution
		{441C2F29-0855-CEC0-D29D-906E8850400E}.Debug|Any CPU.ActiveCfg = Debug|Any CPU
		{441C2F29-0855-CEC0-D29D-906E8850400E}.Debug|Any CPU.Build.0 = Debug|Any CPU
		{441C2F29-0855-CEC0-D29D-906E8850400E}.Release|Any CPU.ActiveCfg = Release|Any CPU
		{441C2F29-0855-CEC0-D29D-906E8850400E}.Release|Any CPU.Build.0 = Release|Any CPU
	EndGlobalSection
	GlobalSection(SolutionProperties) = preSolution
		HideSolutionNode = FALSE
	EndGlobalSection
	GlobalSection(ExtensibilityGlobals) = postSolution
		SolutionGuid = {ACA29801-EDF1-4D0F-9E50-C7D263D9F37B}
	EndGlobalSection
EndGlobal
